
Microsoft Visual Studio Solution File, Format Version 12.00
# Visual Studio Version 17
VisualStudioVersion = 17.7.34031.279
MinimumVisualStudioVersion = 10.0.40219.1
Project("{8BC9CEB8-8B4A-11D0-8D11-00A0C91BC942}") = "sm1", "sm kr\sm1\sm1.vcxproj", "{1DF36434-58CA-4050-A50D-B03AF4F827B4}"
EndProject
Project("{8BC9CEB8-8B4A-11D0-8D11-00A0C91BC942}") = "z2", "z2\z2.vcxproj", "{19FB7580-71FA-4FDA-9D30-9CF53396EA9C}"
EndProject
Project("{8BC9CEB8-8B4A-11D0-8D11-00A0C91BC942}") = "z3", "sm kr\z3\z3.vcxproj", "{6C9BA744-C845-4794-8139-8A2A344361B2}"
EndProject
Project("{8BC9CEB8-8B4A-11D0-8D11-00A0C91BC942}") = "z4", "sm kr\z4\z4.vcxproj", "{074AEE4E-BF27-42A3-9131-FB6C4E5D050B}"
EndProject
Project("{8BC9CEB8-8B4A-11D0-8D11-00A0C91BC942}") = "z5", "sm kr\z5\z5.vcxproj", "{7FDCF6F6-DD89-41A2-90FA-6A2789F21246}"
EndProject
Project("{8BC9CEB8-8B4A-11D0-8D11-00A0C91BC942}") = "z6", "z6\z6.vcxproj", "{F1B834D8-C2F6-4BFB-B567-A776988ACCD9}"
EndProject
Project("{8BC9CEB8-8B4A-11D0-8D11-00A0C91BC942}") = "z7", "sm kr\z7\z7.vcxproj", "{C87C01C9-8479-4775-B8E0-7288EA32E845}"
EndProject
Project("{8BC9CEB8-8B4A-11D0-8D11-00A0C91BC942}") = "z8", "sm kr\z8\z8.vcxproj", "{ADA762BD-A3C8-47D3-A966-338ADE9115C1}"
EndProject
Project("{8BC9CEB8-8B4A-11D0-8D11-00A0C91BC942}") = "z9", "sm kr\z9\z9.vcxproj", "{7AD7A3EE-74A7-45DB-B1E5-499C5C5E9050}"
EndProject
Project("{8BC9CEB8-8B4A-11D0-8D11-00A0C91BC942}") = "z10", "10\10.vcxproj", "{1C3D03C9-4A90-48F0-9C1B-4158BDC32AC7}"
EndProject
Project("{8BC9CEB8-8B4A-11D0-8D11-00A0C91BC942}") = "kr1", "kr1\kr1.vcxproj", "{CCB5BE4F-A1CF-49C4-8E78-B03CCE19B03B}"
EndProject
Project("{8BC9CEB8-8B4A-11D0-8D11-00A0C91BC942}") = "k2", "sm kr\k2\k2.vcxproj", "{5FC7C171-1DE3-4B3D-8229-26379A23B921}"
EndProject
Global
	GlobalSection(SolutionConfigurationPlatforms) = preSolution
		Debug|x64 = Debug|x64
		Debug|x86 = Debug|x86
		Release|x64 = Release|x64
		Release|x86 = Release|x86
	EndGlobalSection
	GlobalSection(ProjectConfigurationPlatforms) = postSolution
		{1DF36434-58CA-4050-A50D-B03AF4F827B4}.Debug|x64.ActiveCfg = Debug|x64
		{1DF36434-58CA-4050-A50D-B03AF4F827B4}.Debug|x64.Build.0 = Debug|x64
		{1DF36434-58CA-4050-A50D-B03AF4F827B4}.Debug|x86.ActiveCfg = Debug|Win32
		{1DF36434-58CA-4050-A50D-B03AF4F827B4}.Debug|x86.Build.0 = Debug|Win32
		{1DF36434-58CA-4050-A50D-B03AF4F827B4}.Release|x64.ActiveCfg = Release|x64
		{1DF36434-58CA-4050-A50D-B03AF4F827B4}.Release|x64.Build.0 = Release|x64
		{1DF36434-58CA-4050-A50D-B03AF4F827B4}.Release|x86.ActiveCfg = Release|Win32
		{1DF36434-58CA-4050-A50D-B03AF4F827B4}.Release|x86.Build.0 = Release|Win32
		{19FB7580-71FA-4FDA-9D30-9CF53396EA9C}.Debug|x64.ActiveCfg = Debug|x64
		{19FB7580-71FA-4FDA-9D30-9CF53396EA9C}.Debug|x64.Build.0 = Debug|x64
		{19FB7580-71FA-4FDA-9D30-9CF53396EA9C}.Debug|x86.ActiveCfg = Debug|Win32
		{19FB7580-71FA-4FDA-9D30-9CF53396EA9C}.Debug|x86.Build.0 = Debug|Win32
		{19FB7580-71FA-4FDA-9D30-9CF53396EA9C}.Release|x64.ActiveCfg = Release|x64
		{19FB7580-71FA-4FDA-9D30-9CF53396EA9C}.Release|x64.Build.0 = Release|x64
		{19FB7580-71FA-4FDA-9D30-9CF53396EA9C}.Release|x86.ActiveCfg = Release|Win32
		{19FB7580-71FA-4FDA-9D30-9CF53396EA9C}.Release|x86.Build.0 = Release|Win32
		{6C9BA744-C845-4794-8139-8A2A344361B2}.Debug|x64.ActiveCfg = Debug|x64
		{6C9BA744-C845-4794-8139-8A2A344361B2}.Debug|x64.Build.0 = Debug|x64
		{6C9BA744-C845-4794-8139-8A2A344361B2}.Debug|x86.ActiveCfg = Debug|Win32
		{6C9BA744-C845-4794-8139-8A2A344361B2}.Debug|x86.Build.0 = Debug|Win32
		{6C9BA744-C845-4794-8139-8A2A344361B2}.Release|x64.ActiveCfg = Release|x64
		{6C9BA744-C845-4794-8139-8A2A344361B2}.Release|x64.Build.0 = Release|x64
		{6C9BA744-C845-4794-8139-8A2A344361B2}.Release|x86.ActiveCfg = Release|Win32
		{6C9BA744-C845-4794-8139-8A2A344361B2}.Release|x86.Build.0 = Release|Win32
		{074AEE4E-BF27-42A3-9131-FB6C4E5D050B}.Debug|x64.ActiveCfg = Debug|x64
		{074AEE4E-BF27-42A3-9131-FB6C4E5D050B}.Debug|x64.Build.0 = Debug|x64
		{074AEE4E-BF27-42A3-9131-FB6C4E5D050B}.Debug|x86.ActiveCfg = Debug|Win32
		{074AEE4E-BF27-42A3-9131-FB6C4E5D050B}.Debug|x86.Build.0 = Debug|Win32
		{074AEE4E-BF27-42A3-9131-FB6C4E5D050B}.Release|x64.ActiveCfg = Release|x64
		{074AEE4E-BF27-42A3-9131-FB6C4E5D050B}.Release|x64.Build.0 = Release|x64
		{074AEE4E-BF27-42A3-9131-FB6C4E5D050B}.Release|x86.ActiveCfg = Release|Win32
		{074AEE4E-BF27-42A3-9131-FB6C4E5D050B}.Release|x86.Build.0 = Release|Win32
		{7FDCF6F6-DD89-41A2-90FA-6A2789F21246}.Debug|x64.ActiveCfg = Debug|x64
		{7FDCF6F6-DD89-41A2-90FA-6A2789F21246}.Debug|x64.Build.0 = Debug|x64
		{7FDCF6F6-DD89-41A2-90FA-6A2789F21246}.Debug|x86.ActiveCfg = Debug|Win32
		{7FDCF6F6-DD89-41A2-90FA-6A2789F21246}.Debug|x86.Build.0 = Debug|Win32
		{7FDCF6F6-DD89-41A2-90FA-6A2789F21246}.Release|x64.ActiveCfg = Release|x64
		{7FDCF6F6-DD89-41A2-90FA-6A2789F21246}.Release|x64.Build.0 = Release|x64
		{7FDCF6F6-DD89-41A2-90FA-6A2789F21246}.Release|x86.ActiveCfg = Release|Win32
		{7FDCF6F6-DD89-41A2-90FA-6A2789F21246}.Release|x86.Build.0 = Release|Win32
		{F1B834D8-C2F6-4BFB-B567-A776988ACCD9}.Debug|x64.ActiveCfg = Debug|x64
		{F1B834D8-C2F6-4BFB-B567-A776988ACCD9}.Debug|x64.Build.0 = Debug|x64
		{F1B834D8-C2F6-4BFB-B567-A776988ACCD9}.Debug|x86.ActiveCfg = Debug|Win32
		{F1B834D8-C2F6-4BFB-B567-A776988ACCD9}.Debug|x86.Build.0 = Debug|Win32
		{F1B834D8-C2F6-4BFB-B567-A776988ACCD9}.Release|x64.ActiveCfg = Release|x64
		{F1B834D8-C2F6-4BFB-B567-A776988ACCD9}.Release|x64.Build.0 = Release|x64
		{F1B834D8-C2F6-4BFB-B567-A776988ACCD9}.Release|x86.ActiveCfg = Release|Win32
		{F1B834D8-C2F6-4BFB-B567-A776988ACCD9}.Release|x86.Build.0 = Release|Win32
		{C87C01C9-8479-4775-B8E0-7288EA32E845}.Debug|x64.ActiveCfg = Debug|x64
		{C87C01C9-8479-4775-B8E0-7288EA32E845}.Debug|x64.Build.0 = Debug|x64
		{C87C01C9-8479-4775-B8E0-7288EA32E845}.Debug|x86.ActiveCfg = Debug|Win32
		{C87C01C9-8479-4775-B8E0-7288EA32E845}.Debug|x86.Build.0 = Debug|Win32
		{C87C01C9-8479-4775-B8E0-7288EA32E845}.Release|x64.ActiveCfg = Release|x64
		{C87C01C9-8479-4775-B8E0-7288EA32E845}.Release|x64.Build.0 = Release|x64
		{C87C01C9-8479-4775-B8E0-7288EA32E845}.Release|x86.ActiveCfg = Release|Win32
		{C87C01C9-8479-4775-B8E0-7288EA32E845}.Release|x86.Build.0 = Release|Win32
		{ADA762BD-A3C8-47D3-A966-338ADE9115C1}.Debug|x64.ActiveCfg = Debug|x64
		{ADA762BD-A3C8-47D3-A966-338ADE9115C1}.Debug|x64.Build.0 = Debug|x64
		{ADA762BD-A3C8-47D3-A966-338ADE9115C1}.Debug|x86.ActiveCfg = Debug|Win32
		{ADA762BD-A3C8-47D3-A966-338ADE9115C1}.Debug|x86.Build.0 = Debug|Win32
		{ADA762BD-A3C8-47D3-A966-338ADE9115C1}.Release|x64.ActiveCfg = Release|x64
		{ADA762BD-A3C8-47D3-A966-338ADE9115C1}.Release|x64.Build.0 = Release|x64
		{ADA762BD-A3C8-47D3-A966-338ADE9115C1}.Release|x86.ActiveCfg = Release|Win32
		{ADA762BD-A3C8-47D3-A966-338ADE9115C1}.Release|x86.Build.0 = Release|Win32
		{7AD7A3EE-74A7-45DB-B1E5-499C5C5E9050}.Debug|x64.ActiveCfg = Debug|x64
		{7AD7A3EE-74A7-45DB-B1E5-499C5C5E9050}.Debug|x64.Build.0 = Debug|x64
		{7AD7A3EE-74A7-45DB-B1E5-499C5C5E9050}.Debug|x86.ActiveCfg = Debug|Win32
		{7AD7A3EE-74A7-45DB-B1E5-499C5C5E9050}.Debug|x86.Build.0 = Debug|Win32
		{7AD7A3EE-74A7-45DB-B1E5-499C5C5E9050}.Release|x64.ActiveCfg = Release|x64
		{7AD7A3EE-74A7-45DB-B1E5-499C5C5E9050}.Release|x64.Build.0 = Release|x64
		{7AD7A3EE-74A7-45DB-B1E5-499C5C5E9050}.Release|x86.ActiveCfg = Release|Win32
		{7AD7A3EE-74A7-45DB-B1E5-499C5C5E9050}.Release|x86.Build.0 = Release|Win32
		{1C3D03C9-4A90-48F0-9C1B-4158BDC32AC7}.Debug|x64.ActiveCfg = Debug|x64
		{1C3D03C9-4A90-48F0-9C1B-4158BDC32AC7}.Debug|x64.Build.0 = Debug|x64
		{1C3D03C9-4A90-48F0-9C1B-4158BDC32AC7}.Debug|x86.ActiveCfg = Debug|Win32
		{1C3D03C9-4A90-48F0-9C1B-4158BDC32AC7}.Debug|x86.Build.0 = Debug|Win32
		{1C3D03C9-4A90-48F0-9C1B-4158BDC32AC7}.Release|x64.ActiveCfg = Release|x64
		{1C3D03C9-4A90-48F0-9C1B-4158BDC32AC7}.Release|x64.Build.0 = Release|x64
		{1C3D03C9-4A90-48F0-9C1B-4158BDC32AC7}.Release|x86.ActiveCfg = Release|Win32
		{1C3D03C9-4A90-48F0-9C1B-4158BDC32AC7}.Release|x86.Build.0 = Release|Win32
		{CCB5BE4F-A1CF-49C4-8E78-B03CCE19B03B}.Debug|x64.ActiveCfg = Debug|x64
		{CCB5BE4F-A1CF-49C4-8E78-B03CCE19B03B}.Debug|x64.Build.0 = Debug|x64
		{CCB5BE4F-A1CF-49C4-8E78-B03CCE19B03B}.Debug|x86.ActiveCfg = Debug|Win32
		{CCB5BE4F-A1CF-49C4-8E78-B03CCE19B03B}.Debug|x86.Build.0 = Debug|Win32
		{CCB5BE4F-A1CF-49C4-8E78-B03CCE19B03B}.Release|x64.ActiveCfg = Release|x64
		{CCB5BE4F-A1CF-49C4-8E78-B03CCE19B03B}.Release|x64.Build.0 = Release|x64
		{CCB5BE4F-A1CF-49C4-8E78-B03CCE19B03B}.Release|x86.ActiveCfg = Release|Win32
		{CCB5BE4F-A1CF-49C4-8E78-B03CCE19B03B}.Release|x86.Build.0 = Release|Win32
		{5FC7C171-1DE3-4B3D-8229-26379A23B921}.Debug|x64.ActiveCfg = Debug|x64
		{5FC7C171-1DE3-4B3D-8229-26379A23B921}.Debug|x64.Build.0 = Debug|x64
		{5FC7C171-1DE3-4B3D-8229-26379A23B921}.Debug|x86.ActiveCfg = Debug|Win32
		{5FC7C171-1DE3-4B3D-8229-26379A23B921}.Debug|x86.Build.0 = Debug|Win32
		{5FC7C171-1DE3-4B3D-8229-26379A23B921}.Release|x64.ActiveCfg = Release|x64
		{5FC7C171-1DE3-4B3D-8229-26379A23B921}.Release|x64.Build.0 = Release|x64
		{5FC7C171-1DE3-4B3D-8229-26379A23B921}.Release|x86.ActiveCfg = Release|Win32
		{5FC7C171-1DE3-4B3D-8229-26379A23B921}.Release|x86.Build.0 = Release|Win32
	EndGlobalSection
	GlobalSection(SolutionProperties) = preSolution
		HideSolutionNode = FALSE
	EndGlobalSection
	GlobalSection(ExtensibilityGlobals) = postSolution
		SolutionGuid = {6F86D6DB-8ABF-4F3B-BE17-C73B38561004}
	EndGlobalSection
EndGlobal
